
Microsoft Visual Studio Solution File, Format Version 12.00
# Visual Studio Version 17
VisualStudioVersion = 17.10.35027.167
MinimumVisualStudioVersion = 10.0.40219.1
Project("{FAE04EC0-301F-11D3-BF4B-00C04F79EFBC}") = "WebApplication2", "WebApplication2\WebApplication2.csproj", "{6CAFCC57-C8CD-4F0C-AD2C-F8B3283E5955}"
EndProject
Global
	GlobalSection(SolutionConfigurationPlatforms) = preSolution
		Debug|Any CPU = Debug|Any CPU
		Release|Any CPU = Release|Any CPU
	EndGlobalSection
	GlobalSection(ProjectConfigurationPlatforms) = postSolution
		{6CAFCC57-C8CD-4F0C-AD2C-F8B3283E5955}.Debug|Any CPU.ActiveCfg = Debug|Any CPU
		{6CAFCC57-C8CD-4F0C-AD2C-F8B3283E5955}.Debug|Any CPU.Build.0 = Debug|Any CPU
		{6CAFCC57-C8CD-4F0C-AD2C-F8B3283E5955}.Release|Any CPU.ActiveCfg = Release|Any CPU
		{6CAFCC57-C8CD-4F0C-AD2C-F8B3283E5955}.Release|Any CPU.Build.0 = Release|Any CPU
	EndGlobalSection
	GlobalSection(SolutionProperties) = preSolution
		HideSolutionNode = FALSE
	EndGlobalSection
	GlobalSection(ExtensibilityGlobals) = postSolution
		SolutionGuid = {634F3873-5C79-461A-B9EF-BDEBD01E01C3}
	EndGlobalSection
EndGlobal
